{
  "name": "dray-build",
  "lockfileVersion": 3,
  "requires": true,
  "packages": {
    "": {
      "name": "dray-build",
      "devDependencies": {
        "@xterm/addon-canvas": "0.7.0",
        "@xterm/addon-clipboard": "0.2.0",
        "@xterm/addon-fit": "0.10.0",
        "@xterm/addon-search": "0.16.0",
        "@xterm/addon-unicode11": "0.9.0",
        "@xterm/addon-web-links": "0.12.0",
        "@xterm/addon-webgl": "0.19.0",
        "@xterm/xterm": "5.5.0",
        "ansi_up": "^6.0.6",
        "monaco-editor": "0.55.0",
        "tabulator-tables": "^6.3.1"
      }
    },
    "node_modules/@types/trusted-types": {
      "version": "2.0.7",
      "resolved": "https://ms-feed-2.pkgs.visualstudio.com/1es-public/_packaging/npm-public/npm/registry/@types/trusted-types/-/trusted-types-2.0.7.tgz",
      "integrity": "sha1-usywepcLkXB986PoumiWxX6tLRE=",
      "dev": true,
      "license": "MIT",
      "optional": true
    },
    "node_modules/@xterm/addon-canvas": {
      "version": "0.7.0",
      "resolved": "https://ms-feed-25.pkgs.visualstudio.com/1es-public/_packaging/npm-public/npm/registry/@xterm/addon-canvas/-/addon-canvas-0.7.0.tgz",
      "integrity": "sha1-06ODXzY04BBuEIZhMVrhTaI+jdc=",
      "dev": true,
      "license": "MIT",
      "peerDependencies": {
        "@xterm/xterm": "^5.0.0"
      }
    },
    "node_modules/@xterm/addon-clipboard": {
      "version": "0.2.0",
      "resolved": "https://ms-feed-25.pkgs.visualstudio.com/1es-public/_packaging/npm-public/npm/registry/@xterm/addon-clipboard/-/addon-clipboard-0.2.0.tgz",
      "integrity": "sha1-jyAnsUHnj3D8drpWqs9GclDChKM=",
      "dev": true,
      "license": "MIT",
      "dependencies": {
        "js-base64": "^3.7.5"
      }
    },
    "node_modules/@xterm/addon-fit": {
      "version": "0.10.0",
      "resolved": "https://ms-feed-17.pkgs.visualstudio.com/1es-public/_packaging/npm-public/npm/registry/@xterm/addon-fit/-/addon-fit-0.10.0.tgz",
      "integrity": "sha1-vr+H+t10468w/c3u9HAw4lksb1U=",
      "dev": true,
      "license": "MIT",
      "peerDependencies": {
        "@xterm/xterm": "^5.0.0"
      }
    },
    "node_modules/@xterm/addon-search": {
      "version": "0.16.0",
      "resolved": "https://ms-feed-17.pkgs.visualstudio.com/1es-public/_packaging/npm-public/npm/registry/@xterm/addon-search/-/addon-search-0.16.0.tgz",
      "integrity": "sha1-3a3LxuVW5F/EsVP4oO/fKqFFa4I=",
      "dev": true,
      "license": "MIT"
    },
    "node_modules/@xterm/addon-unicode11": {
      "version": "0.9.0",
      "resolved": "https://ms-feed-17.pkgs.visualstudio.com/1es-public/_packaging/npm-public/npm/registry/@xterm/addon-unicode11/-/addon-unicode11-0.9.0.tgz",
      "integrity": "sha1-4YEbt12deDw2vXEmBm2AhL5wx5k=",
      "dev": true,
      "license": "MIT"
    },
    "node_modules/@xterm/addon-web-links": {
      "version": "0.12.0",
      "resolved": "https://ms-feed-17.pkgs.visualstudio.com/1es-public/_packaging/npm-public/npm/registry/@xterm/addon-web-links/-/addon-web-links-0.12.0.tgz",
      "integrity": "sha1-vDSuRvTBIBIlbUUawrm+eRwLa/o=",
      "dev": true,
      "license": "MIT"
    },
    "node_modules/@xterm/addon-webgl": {
      "version": "0.19.0",
      "resolved": "https://ms-feed-25.pkgs.visualstudio.com/1es-public/_packaging/npm-public/npm/registry/@xterm/addon-webgl/-/addon-webgl-0.19.0.tgz",
      "integrity": "sha1-AlM8P3wK86yaRLuwlcvUfUjpDCU=",
      "dev": true,
      "license": "MIT"
    },
    "node_modules/@xterm/xterm": {
      "version": "5.5.0",
      "resolved": "https://ms-feed-12.pkgs.visualstudio.com/1es-public/_packaging/npm-public/npm/registry/@xterm/xterm/-/xterm-5.5.0.tgz",
      "integrity": "sha1-J1+49uFK+m6KDAXU68lFI/93U5Y=",
      "dev": true,
      "license": "MIT"
    },
    "node_modules/ansi_up": {
      "version": "6.0.6",
      "resolved": "https://ms-feed-17.pkgs.visualstudio.com/1es-public/_packaging/npm-public/npm/registry/ansi_up/-/ansi_up-6.0.6.tgz",
      "integrity": "sha1-gE+vMfA4XlYtL3EnXqjP8Nnc9tw=",
      "dev": true,
      "license": "MIT",
      "engines": {
        "node": "*"
      }
    },
    "node_modules/dompurify": {
      "version": "3.2.7",
      "resolved": "https://ms-feed-17.pkgs.visualstudio.com/1es-public/_packaging/npm-public/npm/registry/dompurify/-/dompurify-3.2.7.tgz",
      "integrity": "sha1-ch1jkT21ER3W39qNOnSM/XmC1Eo=",
      "dev": true,
      "license": "(MPL-2.0 OR Apache-2.0)",
      "optionalDependencies": {
        "@types/trusted-types": "^2.0.7"
      }
    },
    "node_modules/js-base64": {
      "version": "3.9.3",
      "resolved": "https://ms-feed-25.pkgs.visualstudio.com/1es-public/_packaging/npm-public/npm/registry/js-base64/-/js-base64-3.9.3.tgz",
      "integrity": "sha1-d7NKogp2XRUL5of8NI1Z/n0CIYg=",
      "dev": true,
      "license": "BSD-3-Clause"
    },
    "node_modules/marked": {
      "version": "14.0.0",
      "resolved": "https://ms-feed-25.pkgs.visualstudio.com/1es-public/_packaging/npm-public/npm/registry/marked/-/marked-14.0.0.tgz",
      "integrity": "sha1-eaFHc1ilngZgJ2+P7HbeLDPzXYM=",
      "dev": true,
      "license": "MIT",
      "bin": {
        "marked": "bin/marked.js"
      },
      "engines": {
        "node": ">= 18"
      }
    },
    "node_modules/monaco-editor": {
      "version": "0.55.0",
      "resolved": "https://ms-feed-25.pkgs.visualstudio.com/1es-public/_packaging/npm-public/npm/registry/monaco-editor/-/monaco-editor-0.55.0.tgz",
      "integrity": "sha1-n3cZv7MRif0E2ucRGl2ohCr9Lak=",
      "dev": true,
      "license": "MIT",
      "dependencies": {
        "dompurify": "3.2.7",
        "marked": "14.0.0"
      }
    },
    "node_modules/tabulator-tables": {
      "version": "6.3.1",
      "resolved": "https://ms-feed-2.pkgs.visualstudio.com/1es-public/_packaging/npm-public/npm/registry/tabulator-tables/-/tabulator-tables-6.3.1.tgz",
      "integrity": "sha1-ZIwokxZ7+x9THFJnD62S1jU7i0A=",
      "dev": true,
      "license": "MIT"
    }
  }
}
